
Microsoft Visual Studio Solution File, Format Version 12.00
# Visual Studio Version 17
VisualStudioVersion = 17.13.35818.85
MinimumVisualStudioVersion = 10.0.40219.1
Project("{FAE04EC0-301F-11D3-BF4B-00C04F79EFBC}") = "EasyHousingSolutionProjectAPI", "EasyHousingSolutionProjectAPI.csproj", "{2398742B-684D-43B1-8C51-83B30F693CF1}"
EndProject
Project("{FAE04EC0-301F-11D3-BF4B-00C04F79EFBC}") = "EasyHousingSolutionProjectAPITests", "..\EasyHousingSolutionProjectAPITests\EasyHousingSolutionProjectAPITests.csproj", "{5B75F19F-9C33-4064-ADA5-585EBEE36C02}"
EndProject
Project("{FAE04EC0-301F-11D3-BF4B-00C04F79EFBC}") = "PaymentGatewayMicroservice", "..\PaymentGatewayMicroservice\PaymentGatewayMicroservice.csproj", "{34261D55-D3B4-4CD7-B259-446025AAB883}"
EndProject
Global
	GlobalSection(SolutionConfigurationPlatforms) = preSolution
		Debug|Any CPU = Debug|Any CPU
		Release|Any CPU = Release|Any CPU
	EndGlobalSection
	GlobalSection(ProjectConfigurationPlatforms) = postSolution
		{2398742B-684D-43B1-8C51-83B30F693CF1}.Debug|Any CPU.ActiveCfg = Debug|Any CPU
		{2398742B-684D-43B1-8C51-83B30F693CF1}.Debug|Any CPU.Build.0 = Debug|Any CPU
		{2398742B-684D-43B1-8C51-83B30F693CF1}.Release|Any CPU.ActiveCfg = Release|Any CPU
		{2398742B-684D-43B1-8C51-83B30F693CF1}.Release|Any CPU.Build.0 = Release|Any CPU
		{5B75F19F-9C33-4064-ADA5-585EBEE36C02}.Debug|Any CPU.ActiveCfg = Debug|Any CPU
		{5B75F19F-9C33-4064-ADA5-585EBEE36C02}.Debug|Any CPU.Build.0 = Debug|Any CPU
		{5B75F19F-9C33-4064-ADA5-585EBEE36C02}.Release|Any CPU.ActiveCfg = Release|Any CPU
		{5B75F19F-9C33-4064-ADA5-585EBEE36C02}.Release|Any CPU.Build.0 = Release|Any CPU
		{34261D55-D3B4-4CD7-B259-446025AAB883}.Debug|Any CPU.ActiveCfg = Debug|Any CPU
		{34261D55-D3B4-4CD7-B259-446025AAB883}.Debug|Any CPU.Build.0 = Debug|Any CPU
		{34261D55-D3B4-4CD7-B259-446025AAB883}.Release|Any CPU.ActiveCfg = Release|Any CPU
		{34261D55-D3B4-4CD7-B259-446025AAB883}.Release|Any CPU.Build.0 = Release|Any CPU
	EndGlobalSection
	GlobalSection(SolutionProperties) = preSolution
		HideSolutionNode = FALSE
	EndGlobalSection
	GlobalSection(ExtensibilityGlobals) = postSolution
		SolutionGuid = {EA446000-2636-4CD1-8C01-5F96E42FB3C0}
	EndGlobalSection
EndGlobal
